
Microsoft Visual Studio Solution File, Format Version 12.00
# Visual Studio 2012
Project("{FAE04EC0-301F-11D3-BF4B-00C04F79EFBC}") = "Labirint", "Labirint\Labirint.csproj", "{D07981DD-07F3-4665-AC16-7A6E6136AF36}"
EndProject
Global
	GlobalSection(SolutionConfigurationPlatforms) = preSolution
		Debug|x86 = Debug|x86
		Release|x86 = Release|x86
	EndGlobalSection
	GlobalSection(ProjectConfigurationPlatforms) = postSolution
		{D07981DD-07F3-4665-AC16-7A6E6136AF36}.Debug|x86.ActiveCfg = Debug|x86
		{D07981DD-07F3-4665-AC16-7A6E6136AF36}.Debug|x86.Build.0 = Debug|x86
		{D07981DD-07F3-4665-AC16-7A6E6136AF36}.Release|x86.ActiveCfg = Release|x86
		{D07981DD-07F3-4665-AC16-7A6E6136AF36}.Release|x86.Build.0 = Release|x86
	EndGlobalSection
EndGlobal
